
Microsoft Visual Studio Solution File, Format Version 12.00
# Visual Studio Version 17
VisualStudioVersion = 17.6.33815.320
MinimumVisualStudioVersion = 10.0.40219.1
Project("{9A19103F-16F7-4668-BE54-9A1E7A4F7556}") = "EPPLus.MultiHeader", "Kevull.EPPLus.MultiHeader\Kevull.EPPLus.MultiHeader.csproj", "{FC9DB053-9511-434B-A767-4355475D4066}"
EndProject
Project("{FAE04EC0-301F-11D3-BF4B-00C04F79EFBC}") = "EPPLus.MultiHeader.Test", "Kevull.EPPLus.MultiHeader.Test\Kevull.EPPLus.MultiHeader.Test.csproj", "{6FEA8449-BED4-48A0-91A1-48587FFD7604}"
EndProject
Global
	GlobalSection(SolutionConfigurationPlatforms) = preSolution
		Debug|Any CPU = Debug|Any CPU
		Release|Any CPU = Release|Any CPU
	EndGlobalSection
	GlobalSection(ProjectConfigurationPlatforms) = postSolution
		{FC9DB053-9511-434B-A767-4355475D4066}.Debug|Any CPU.ActiveCfg = Debug|Any CPU
		{FC9DB053-9511-434B-A767-4355475D4066}.Debug|Any CPU.Build.0 = Debug|Any CPU
		{FC9DB053-9511-434B-A767-4355475D4066}.Release|Any CPU.ActiveCfg = Release|Any CPU
		{FC9DB053-9511-434B-A767-4355475D4066}.Release|Any CPU.Build.0 = Release|Any CPU
		{6FEA8449-BED4-48A0-91A1-48587FFD7604}.Debug|Any CPU.ActiveCfg = Debug|Any CPU
		{6FEA8449-BED4-48A0-91A1-48587FFD7604}.Debug|Any CPU.Build.0 = Debug|Any CPU
		{6FEA8449-BED4-48A0-91A1-48587FFD7604}.Release|Any CPU.ActiveCfg = Release|Any CPU
		{6FEA8449-BED4-48A0-91A1-48587FFD7604}.Release|Any CPU.Build.0 = Release|Any CPU
	EndGlobalSection
	GlobalSection(SolutionProperties) = preSolution
		HideSolutionNode = FALSE
	EndGlobalSection
	GlobalSection(ExtensibilityGlobals) = postSolution
		SolutionGuid = {D72DB64B-E939-4091-B848-AA14E0E41399}
	EndGlobalSection
EndGlobal
